Microsoft Visual Studio Solution File, Format Version 12.00
# Visual Studio Version 17
VisualStudioVersion = 17.6.33723.286
MinimumVisualStudioVersion = 10.0.40219.1
Project("{9A19103F-16F7-4668-BE54-9A1E7A4F7556}") = "ThomasGregChallenge.API", "ThomasGregChallenge.API\ThomasGregChallenge.API.csproj", "{4E490D18-0072-422A-9E4C-2EFAAF4A0DE1}"
EndProject
Project("{9A19103F-16F7-4668-BE54-9A1E7A4F7556}") = "ThomasGregChallenge.Base", "ThomasGregChallenge.Base\ThomasGregChallenge.Base.csproj", "{8F51DCDE-E19B-433D-BF73-0D1A3FCC36E5}"
EndProject
Project("{2150E333-8FDC-42A3-9474-1A3956D46DE8}") = "1 - Distribution Layer", "1 - Distribution Layer", "{63F862C8-FE23-4FD2-8BF9-E2DCA4635A3D}"
EndProject
Project("{2150E333-8FDC-42A3-9474-1A3956D46DE8}") = "2 - Application Layer", "2 - Application Layer", "{5D895C39-0601-4AB1-9115-2761FD681730}"
EndProject
Project("{2150E333-8FDC-42A3-9474-1A3956D46DE8}") = "3 - Domain Layer", "3 - Domain Layer", "{435595A3-A1C1-48AE-B9FB-5D85B953DBE8}"
EndProject
Project("{2150E333-8FDC-42A3-9474-1A3956D46DE8}") = "4 - Infra Layer", "4 - Infra Layer", "{27D1A3AC-A0F8-46D2-8769-412ADE1BC468}"
EndProject
Project("{2150E333-8FDC-42A3-9474-1A3956D46DE8}") = "5 - Tests Layer", "5 - Tests Layer", "{3C94443F-662C-4E5A-89D8-1B1820AF9C04}"
EndProject
Project("{9A19103F-16F7-4668-BE54-9A1E7A4F7556}") = "ThomasGregChallenge.Application", "ThomasGregChallenge.Application\ThomasGregChallenge.Application.csproj", "{F8158E3B-1743-4D99-A899-9A91FF672448}"
EndProject
Project("{9A19103F-16F7-4668-BE54-9A1E7A4F7556}") = "ThomasGregChallenge.Domain", "ThomasGregChallenge.Domain\ThomasGregChallenge.Domain.csproj", "{126399A2-EC0A-4168-9FA5-CC9437121281}"
EndProject
Project("{9A19103F-16F7-4668-BE54-9A1E7A4F7556}") = "ThomasGregChallenge.Infra.Data", "ThomasGregChallenge.Infra.Data\ThomasGregChallenge.Infra.Data.csproj", "{32D68124-9876-4987-8DD5-BF9F20618009}"
EndProject
Project("{9A19103F-16F7-4668-BE54-9A1E7A4F7556}") = "ThomasGregChallenge.API.Test", "Testes\ThomasGregChallenge.API.Test\ThomasGregChallenge.API.Test.csproj", "{CC5FA7C8-AFF8-4E60-BCBF-6EE0E6052286}"
EndProject
Project("{9A19103F-16F7-4668-BE54-9A1E7A4F7556}") = "ThomasGregChallenge.Application.Test", "Testes\ThomasGregChallenge.Application.Test\ThomasGregChallenge.Application.Test.csproj", "{14712DC0-9EA5-416D-B70F-BA4E5E6CF7F9}"
EndProject
Project("{9A19103F-16F7-4668-BE54-9A1E7A4F7556}") = "ThomasGregChallenge.Test", "Testes\ThomasGregChallenge.Test\ThomasGregChallenge.Test.csproj", "{F6B714D1-9914-47A5-A791-B749B9E133EE}"
EndProject
Project("{9A19103F-16F7-4668-BE54-9A1E7A4F7556}") = "ThomasGregChallenge.Migracoes", "ThomasGregChallenge.Migracoes\ThomasGregChallenge.Migracoes.csproj", "{6C7E9148-24AB-4B02-AC29-7CB75B40C49A}"
EndProject
Project("{9A19103F-16F7-4668-BE54-9A1E7A4F7556}") = "ThomasGregChallenge.Domain.Test", "Testes\ThomasGregChallenge.Domain.Test\ThomasGregChallenge.Domain.Test.csproj", "{53A9824B-AEFB-4DB6-9572-34C3F1113037}"
EndProject
Project("{9A19103F-16F7-4668-BE54-9A1E7A4F7556}") = "ThomasGregChallenge.Web", "ThomasGregChallenge.Web\ThomasGregChallenge.Web.csproj", "{F9DADE63-865A-491A-806C-11506F2737E6}"
EndProject
Global
	GlobalSection(SolutionConfigurationPlatforms) = preSolution
		Debug|Any CPU = Debug|Any CPU
		Release|Any CPU = Release|Any CPU
	EndGlobalSection
	GlobalSection(ProjectConfigurationPlatforms) = postSolution
		{4E490D18-0072-422A-9E4C-2EFAAF4A0DE1}.Debug|Any CPU.ActiveCfg = Debug|Any CPU
		{4E490D18-0072-422A-9E4C-2EFAAF4A0DE1}.Debug|Any CPU.Build.0 = Debug|Any CPU
		{4E490D18-0072-422A-9E4C-2EFAAF4A0DE1}.Release|Any CPU.ActiveCfg = Release|Any CPU
		{4E490D18-0072-422A-9E4C-2EFAAF4A0DE1}.Release|Any CPU.Build.0 = Release|Any CPU
		{8F51DCDE-E19B-433D-BF73-0D1A3FCC36E5}.Debug|Any CPU.ActiveCfg = Debug|Any CPU
		{8F51DCDE-E19B-433D-BF73-0D1A3FCC36E5}.Debug|Any CPU.Build.0 = Debug|Any CPU
		{8F51DCDE-E19B-433D-BF73-0D1A3FCC36E5}.Release|Any CPU.ActiveCfg = Release|Any CPU
		{8F51DCDE-E19B-433D-BF73-0D1A3FCC36E5}.Release|Any CPU.Build.0 = Release|Any CPU
		{F8158E3B-1743-4D99-A899-9A91FF672448}.Debug|Any CPU.ActiveCfg = Debug|Any CPU
		{F8158E3B-1743-4D99-A899-9A91FF672448}.Debug|Any CPU.Build.0 = Debug|Any CPU
		{F8158E3B-1743-4D99-A899-9A91FF672448}.Release|Any CPU.ActiveCfg = Release|Any CPU
		{F8158E3B-1743-4D99-A899-9A91FF672448}.Release|Any CPU.Build.0 = Release|Any CPU
		{126399A2-EC0A-4168-9FA5-CC9437121281}.Debug|Any CPU.ActiveCfg = Debug|Any CPU
		{126399A2-EC0A-4168-9FA5-CC9437121281}.Debug|Any CPU.Build.0 = Debug|Any CPU
		{126399A2-EC0A-4168-9FA5-CC9437121281}.Release|Any CPU.ActiveCfg = Release|Any CPU
		{126399A2-EC0A-4168-9FA5-CC9437121281}.Release|Any CPU.Build.0 = Release|Any CPU
		{32D68124-9876-4987-8DD5-BF9F20618009}.Debug|Any CPU.ActiveCfg = Debug|Any CPU
		{32D68124-9876-4987-8DD5-BF9F20618009}.Debug|Any CPU.Build.0 = Debug|Any CPU
		{32D68124-9876-4987-8DD5-BF9F20618009}.Release|Any CPU.ActiveCfg = Release|Any CPU
		{32D68124-9876-4987-8DD5-BF9F20618009}.Release|Any CPU.Build.0 = Release|Any CPU
		{CC5FA7C8-AFF8-4E60-BCBF-6EE0E6052286}.Debug|Any CPU.ActiveCfg = Debug|Any CPU
		{CC5FA7C8-AFF8-4E60-BCBF-6EE0E6052286}.Debug|Any CPU.Build.0 = Debug|Any CPU
		{CC5FA7C8-AFF8-4E60-BCBF-6EE0E6052286}.Release|Any CPU.ActiveCfg = Release|Any CPU
		{CC5FA7C8-AFF8-4E60-BCBF-6EE0E6052286}.Release|Any CPU.Build.0 = Release|Any CPU
		{14712DC0-9EA5-416D-B70F-BA4E5E6CF7F9}.Debug|Any CPU.ActiveCfg = Debug|Any CPU
		{14712DC0-9EA5-416D-B70F-BA4E5E6CF7F9}.Debug|Any CPU.Build.0 = Debug|Any CPU
		{14712DC0-9EA5-416D-B70F-BA4E5E6CF7F9}.Release|Any CPU.ActiveCfg = Release|Any CPU
		{14712DC0-9EA5-416D-B70F-BA4E5E6CF7F9}.Release|Any CPU.Build.0 = Release|Any CPU
		{F6B714D1-9914-47A5-A791-B749B9E133EE}.Debug|Any CPU.ActiveCfg = Debug|Any CPU
		{F6B714D1-9914-47A5-A791-B749B9E133EE}.Debug|Any CPU.Build.0 = Debug|Any CPU
		{F6B714D1-9914-47A5-A791-B749B9E133EE}.Release|Any CPU.ActiveCfg = Release|Any CPU
		{F6B714D1-9914-47A5-A791-B749B9E133EE}.Release|Any CPU.Build.0 = Release|Any CPU
		{6C7E9148-24AB-4B02-AC29-7CB75B40C49A}.Debug|Any CPU.ActiveCfg = Debug|Any CPU
		{6C7E9148-24AB-4B02-AC29-7CB75B40C49A}.Debug|Any CPU.Build.0 = Debug|Any CPU
		{6C7E9148-24AB-4B02-AC29-7CB75B40C49A}.Release|Any CPU.ActiveCfg = Release|Any CPU
		{6C7E9148-24AB-4B02-AC29-7CB75B40C49A}.Release|Any CPU.Build.0 = Release|Any CPU
		{53A9824B-AEFB-4DB6-9572-34C3F1113037}.Debug|Any CPU.ActiveCfg = Debug|Any CPU
		{53A9824B-AEFB-4DB6-9572-34C3F1113037}.Debug|Any CPU.Build.0 = Debug|Any CPU
		{53A9824B-AEFB-4DB6-9572-34C3F1113037}.Release|Any CPU.ActiveCfg = Release|Any CPU
		{53A9824B-AEFB-4DB6-9572-34C3F1113037}.Release|Any CPU.Build.0 = Release|Any CPU
		{F9DADE63-865A-491A-806C-11506F2737E6}.Debug|Any CPU.ActiveCfg = Debug|Any CPU
		{F9DADE63-865A-491A-806C-11506F2737E6}.Debug|Any CPU.Build.0 = Debug|Any CPU
		{F9DADE63-865A-491A-806C-11506F2737E6}.Release|Any CPU.ActiveCfg = Release|Any CPU
		{F9DADE63-865A-491A-806C-11506F2737E6}.Release|Any CPU.Build.0 = Release|Any CPU
	EndGlobalSection
	GlobalSection(SolutionProperties) = preSolution
		HideSolutionNode = FALSE
	EndGlobalSection
	GlobalSection(NestedProjects) = preSolution
		{4E490D18-0072-422A-9E4C-2EFAAF4A0DE1} = {63F862C8-FE23-4FD2-8BF9-E2DCA4635A3D}
		{8F51DCDE-E19B-433D-BF73-0D1A3FCC36E5} = {27D1A3AC-A0F8-46D2-8769-412ADE1BC468}
		{F8158E3B-1743-4D99-A899-9A91FF672448} = {5D895C39-0601-4AB1-9115-2761FD681730}
		{126399A2-EC0A-4168-9FA5-CC9437121281} = {435595A3-A1C1-48AE-B9FB-5D85B953DBE8}
		{32D68124-9876-4987-8DD5-BF9F20618009} = {27D1A3AC-A0F8-46D2-8769-412ADE1BC468}
		{CC5FA7C8-AFF8-4E60-BCBF-6EE0E6052286} = {3C94443F-662C-4E5A-89D8-1B1820AF9C04}
		{14712DC0-9EA5-416D-B70F-BA4E5E6CF7F9} = {3C94443F-662C-4E5A-89D8-1B1820AF9C04}
		{F6B714D1-9914-47A5-A791-B749B9E133EE} = {3C94443F-662C-4E5A-89D8-1B1820AF9C04}
		{6C7E9148-24AB-4B02-AC29-7CB75B40C49A} = {27D1A3AC-A0F8-46D2-8769-412ADE1BC468}
		{53A9824B-AEFB-4DB6-9572-34C3F1113037} = {3C94443F-662C-4E5A-89D8-1B1820AF9C04}
		{F9DADE63-865A-491A-806C-11506F2737E6} = {63F862C8-FE23-4FD2-8BF9-E2DCA4635A3D}
	EndGlobalSection
	GlobalSection(ExtensibilityGlobals) = postSolution
		SolutionGuid = {C7818457-9F07-4019-B78A-D7021A1A8C7E}
	EndGlobalSection
EndGlobal
